
Microsoft Visual Studio Solution File, Format Version 10.00
# Visual C++ Express 2008
Project("{8BC9CEB8-8B4A-11D0-8D11-00A0C91BC942}") = "UCOS_SIM", "UCOS_SIM\UCOS_SIM.vcproj", "{FA9C97E0-D12D-4397-8AC7-085E509C213F}"
EndProject
Project("{8BC9CEB8-8B4A-11D0-8D11-00A0C91BC942}") = "ftk", "..\ftk.vcproj", "{12A0FDDD-7138-4320-A9D6-B5742065053E}"
	ProjectSection(ProjectDependencies) = postProject
		{FA9C97E0-D12D-4397-8AC7-085E509C213F} = {FA9C97E0-D12D-4397-8AC7-085E509C213F}
	EndProjectSection
EndProject
Project("{8BC9CEB8-8B4A-11D0-8D11-00A0C91BC942}") = "demo_button", "..\demo_button\demo_button.vcproj", "{7A75556C-4A42-4BA5-93AA-725CB8A468CF}"
	ProjectSection(ProjectDependencies) = postProject
		{12A0FDDD-7138-4320-A9D6-B5742065053E} = {12A0FDDD-7138-4320-A9D6-B5742065053E}
		{FA9C97E0-D12D-4397-8AC7-085E509C213F} = {FA9C97E0-D12D-4397-8AC7-085E509C213F}
	EndProjectSection
EndProject
Project("{8BC9CEB8-8B4A-11D0-8D11-00A0C91BC942}") = "demo_check", "..\demo_check\demo_check.vcproj", "{95A28F11-48E2-4057-A5E9-01717192B4FD}"
	ProjectSection(ProjectDependencies) = postProject
		{12A0FDDD-7138-4320-A9D6-B5742065053E} = {12A0FDDD-7138-4320-A9D6-B5742065053E}
		{FA9C97E0-D12D-4397-8AC7-085E509C213F} = {FA9C97E0-D12D-4397-8AC7-085E509C213F}
	EndProjectSection
EndProject
Project("{8BC9CEB8-8B4A-11D0-8D11-00A0C91BC942}") = "demo_combobox", "..\demo_combobox\demo_combobox.vcproj", "{B11AAED1-3A4A-4DFB-9178-CA99460792BF}"
	ProjectSection(ProjectDependencies) = postProject
		{12A0FDDD-7138-4320-A9D6-B5742065053E} = {12A0FDDD-7138-4320-A9D6-B5742065053E}
		{FA9C97E0-D12D-4397-8AC7-085E509C213F} = {FA9C97E0-D12D-4397-8AC7-085E509C213F}
	EndProjectSection
EndProject
Project("{8BC9CEB8-8B4A-11D0-8D11-00A0C91BC942}") = "demo_entry", "..\demo_entry\demo_entry.vcproj", "{F535C361-0C6E-4BBF-843E-578B47FEFBB9}"
	ProjectSection(ProjectDependencies) = postProject
		{12A0FDDD-7138-4320-A9D6-B5742065053E} = {12A0FDDD-7138-4320-A9D6-B5742065053E}
		{FA9C97E0-D12D-4397-8AC7-085E509C213F} = {FA9C97E0-D12D-4397-8AC7-085E509C213F}
	EndProjectSection
EndProject
Project("{8BC9CEB8-8B4A-11D0-8D11-00A0C91BC942}") = "demo_icon_view", "..\demo_icon_view\demo_icon_view.vcproj", "{98CA84A8-40B9-464D-83B8-E14A903F6AAB}"
	ProjectSection(ProjectDependencies) = postProject
		{12A0FDDD-7138-4320-A9D6-B5742065053E} = {12A0FDDD-7138-4320-A9D6-B5742065053E}
		{FA9C97E0-D12D-4397-8AC7-085E509C213F} = {FA9C97E0-D12D-4397-8AC7-085E509C213F}
	EndProjectSection
EndProject
Project("{8BC9CEB8-8B4A-11D0-8D11-00A0C91BC942}") = "demo_images", "..\demo_images\demo_images.vcproj", "{710DD135-8D90-4879-A7BC-E20E293A8727}"
	ProjectSection(ProjectDependencies) = postProject
		{12A0FDDD-7138-4320-A9D6-B5742065053E} = {12A0FDDD-7138-4320-A9D6-B5742065053E}
		{FA9C97E0-D12D-4397-8AC7-085E509C213F} = {FA9C97E0-D12D-4397-8AC7-085E509C213F}
	EndProjectSection
EndProject
Project("{8BC9CEB8-8B4A-11D0-8D11-00A0C91BC942}") = "demo_ime", "..\demo_ime\demo_ime.vcproj", "{37D376DD-5286-447F-8858-F94610E65BE1}"
	ProjectSection(ProjectDependencies) = postProject
		{12A0FDDD-7138-4320-A9D6-B5742065053E} = {12A0FDDD-7138-4320-A9D6-B5742065053E}
		{FA9C97E0-D12D-4397-8AC7-085E509C213F} = {FA9C97E0-D12D-4397-8AC7-085E509C213F}
	EndProjectSection
EndProject
Project("{8BC9CEB8-8B4A-11D0-8D11-00A0C91BC942}") = "demo_list_view", "..\demo_list_view\demo_list_view.vcproj", "{C9A85C0C-4433-41AB-8843-BA5300B36D53}"
	ProjectSection(ProjectDependencies) = postProject
		{12A0FDDD-7138-4320-A9D6-B5742065053E} = {12A0FDDD-7138-4320-A9D6-B5742065053E}
		{FA9C97E0-D12D-4397-8AC7-085E509C213F} = {FA9C97E0-D12D-4397-8AC7-085E509C213F}
	EndProjectSection
EndProject
Project("{8BC9CEB8-8B4A-11D0-8D11-00A0C91BC942}") = "demo_menu", "..\demo_menu\demo_menu.vcproj", "{F0B1C1DF-C555-4AD9-A77D-296F2671C98D}"
	ProjectSection(ProjectDependencies) = postProject
		{12A0FDDD-7138-4320-A9D6-B5742065053E} = {12A0FDDD-7138-4320-A9D6-B5742065053E}
		{FA9C97E0-D12D-4397-8AC7-085E509C213F} = {FA9C97E0-D12D-4397-8AC7-085E509C213F}
	EndProjectSection
EndProject
Project("{8BC9CEB8-8B4A-11D0-8D11-00A0C91BC942}") = "demo_msgbox", "..\demo_msgbox\demo_msgbox.vcproj", "{C3AB5BEB-8B26-4CC4-B3E4-7FF138EA1F41}"
	ProjectSection(ProjectDependencies) = postProject
		{12A0FDDD-7138-4320-A9D6-B5742065053E} = {12A0FDDD-7138-4320-A9D6-B5742065053E}
		{FA9C97E0-D12D-4397-8AC7-085E509C213F} = {FA9C97E0-D12D-4397-8AC7-085E509C213F}
	EndProjectSection
EndProject
Project("{8BC9CEB8-8B4A-11D0-8D11-00A0C91BC942}") = "demo_popup", "..\demo_popup\demo_popup.vcproj", "{40FEE4A3-9981-4F41-9603-D97ACD2E117A}"
	ProjectSection(ProjectDependencies) = postProject
		{12A0FDDD-7138-4320-A9D6-B5742065053E} = {12A0FDDD-7138-4320-A9D6-B5742065053E}
		{FA9C97E0-D12D-4397-8AC7-085E509C213F} = {FA9C97E0-D12D-4397-8AC7-085E509C213F}
	EndProjectSection
EndProject
Project("{8BC9CEB8-8B4A-11D0-8D11-00A0C91BC942}") = "demo_progress", "..\demo_progress\demo_progress.vcproj", "{42FF8875-9BA3-49BA-B3D0-569F9CA0F262}"
	ProjectSection(ProjectDependencies) = postProject
		{12A0FDDD-7138-4320-A9D6-B5742065053E} = {12A0FDDD-7138-4320-A9D6-B5742065053E}
		{FA9C97E0-D12D-4397-8AC7-085E509C213F} = {FA9C97E0-D12D-4397-8AC7-085E509C213F}
	EndProjectSection
EndProject
Project("{8BC9CEB8-8B4A-11D0-8D11-00A0C91BC942}") = "demo_sprite", "..\demo_sprite\demo_sprite.vcproj", "{2A99E9A6-F08C-4B60-9908-BD94AC04BE43}"
	ProjectSection(ProjectDependencies) = postProject
		{12A0FDDD-7138-4320-A9D6-B5742065053E} = {12A0FDDD-7138-4320-A9D6-B5742065053E}
		{FA9C97E0-D12D-4397-8AC7-085E509C213F} = {FA9C97E0-D12D-4397-8AC7-085E509C213F}
	EndProjectSection
EndProject
Project("{8BC9CEB8-8B4A-11D0-8D11-00A0C91BC942}") = "demo_textview", "..\demo_textview\demo_textview.vcproj", "{50FCD8EF-4174-4013-BFAC-9224EED7FD19}"
	ProjectSection(ProjectDependencies) = postProject
		{12A0FDDD-7138-4320-A9D6-B5742065053E} = {12A0FDDD-7138-4320-A9D6-B5742065053E}
		{FA9C97E0-D12D-4397-8AC7-085E509C213F} = {FA9C97E0-D12D-4397-8AC7-085E509C213F}
	EndProjectSection
EndProject
Project("{8BC9CEB8-8B4A-11D0-8D11-00A0C91BC942}") = "demo_transparent", "..\demo_transparent\demo_transparent.vcproj", "{229E1CD6-F28F-4BC0-A19B-A3ED4CB689DF}"
	ProjectSection(ProjectDependencies) = postProject
		{12A0FDDD-7138-4320-A9D6-B5742065053E} = {12A0FDDD-7138-4320-A9D6-B5742065053E}
		{FA9C97E0-D12D-4397-8AC7-085E509C213F} = {FA9C97E0-D12D-4397-8AC7-085E509C213F}
	EndProjectSection
EndProject
Project("{8BC9CEB8-8B4A-11D0-8D11-00A0C91BC942}") = "demo_xul", "..\demo_xul\demo_xul.vcproj", "{7FFDF317-5BDB-4E5D-9D8B-2E55987D7412}"
	ProjectSection(ProjectDependencies) = postProject
		{12A0FDDD-7138-4320-A9D6-B5742065053E} = {12A0FDDD-7138-4320-A9D6-B5742065053E}
		{FA9C97E0-D12D-4397-8AC7-085E509C213F} = {FA9C97E0-D12D-4397-8AC7-085E509C213F}
	EndProjectSection
EndProject
Project("{8BC9CEB8-8B4A-11D0-8D11-00A0C91BC942}") = "ftklua", "..\ftklua\ftklua.vcproj", "{4A21A5E4-43AB-4C32-B747-FAF4CD4CB429}"
	ProjectSection(ProjectDependencies) = postProject
		{12A0FDDD-7138-4320-A9D6-B5742065053E} = {12A0FDDD-7138-4320-A9D6-B5742065053E}
		{FA9C97E0-D12D-4397-8AC7-085E509C213F} = {FA9C97E0-D12D-4397-8AC7-085E509C213F}
	EndProjectSection
EndProject
Project("{8BC9CEB8-8B4A-11D0-8D11-00A0C91BC942}") = "ftklua_run", "..\ftklua_run\ftklua_run.vcproj", "{B070945A-D3D2-4C4C-B000-376FB6191644}"
	ProjectSection(ProjectDependencies) = postProject
		{12A0FDDD-7138-4320-A9D6-B5742065053E} = {12A0FDDD-7138-4320-A9D6-B5742065053E}
		{FA9C97E0-D12D-4397-8AC7-085E509C213F} = {FA9C97E0-D12D-4397-8AC7-085E509C213F}
		{4A21A5E4-43AB-4C32-B747-FAF4CD4CB429} = {4A21A5E4-43AB-4C32-B747-FAF4CD4CB429}
	EndProjectSection
EndProject
Global
	GlobalSection(SolutionConfigurationPlatforms) = preSolution
		Debug|Win32 = Debug|Win32
		Release|Win32 = Release|Win32
	EndGlobalSection
	GlobalSection(ProjectConfigurationPlatforms) = postSolution
		{FA9C97E0-D12D-4397-8AC7-085E509C213F}.Debug|Win32.ActiveCfg = Debug|Win32
		{FA9C97E0-D12D-4397-8AC7-085E509C213F}.Debug|Win32.Build.0 = Debug|Win32
		{FA9C97E0-D12D-4397-8AC7-085E509C213F}.Release|Win32.ActiveCfg = Release|Win32
		{FA9C97E0-D12D-4397-8AC7-085E509C213F}.Release|Win32.Build.0 = Release|Win32
		{12A0FDDD-7138-4320-A9D6-B5742065053E}.Debug|Win32.ActiveCfg = Debug|Win32
		{12A0FDDD-7138-4320-A9D6-B5742065053E}.Debug|Win32.Build.0 = Debug|Win32
		{12A0FDDD-7138-4320-A9D6-B5742065053E}.Release|Win32.ActiveCfg = Release|Win32
		{12A0FDDD-7138-4320-A9D6-B5742065053E}.Release|Win32.Build.0 = Release|Win32
		{7A75556C-4A42-4BA5-93AA-725CB8A468CF}.Debug|Win32.ActiveCfg = Debug|Win32
		{7A75556C-4A42-4BA5-93AA-725CB8A468CF}.Debug|Win32.Build.0 = Debug|Win32
		{7A75556C-4A42-4BA5-93AA-725CB8A468CF}.Release|Win32.ActiveCfg = Release|Win32
		{7A75556C-4A42-4BA5-93AA-725CB8A468CF}.Release|Win32.Build.0 = Release|Win32
		{95A28F11-48E2-4057-A5E9-01717192B4FD}.Debug|Win32.ActiveCfg = Debug|Win32
		{95A28F11-48E2-4057-A5E9-01717192B4FD}.Debug|Win32.Build.0 = Debug|Win32
		{95A28F11-48E2-4057-A5E9-01717192B4FD}.Release|Win32.ActiveCfg = Release|Win32
		{95A28F11-48E2-4057-A5E9-01717192B4FD}.Release|Win32.Build.0 = Release|Win32
		{B11AAED1-3A4A-4DFB-9178-CA99460792BF}.Debug|Win32.ActiveCfg = Debug|Win32
		{B11AAED1-3A4A-4DFB-9178-CA99460792BF}.Debug|Win32.Build.0 = Debug|Win32
		{B11AAED1-3A4A-4DFB-9178-CA99460792BF}.Release|Win32.ActiveCfg = Release|Win32
		{B11AAED1-3A4A-4DFB-9178-CA99460792BF}.Release|Win32.Build.0 = Release|Win32
		{F535C361-0C6E-4BBF-843E-578B47FEFBB9}.Debug|Win32.ActiveCfg = Debug|Win32
		{F535C361-0C6E-4BBF-843E-578B47FEFBB9}.Debug|Win32.Build.0 = Debug|Win32
		{F535C361-0C6E-4BBF-843E-578B47FEFBB9}.Release|Win32.ActiveCfg = Release|Win32
		{F535C361-0C6E-4BBF-843E-578B47FEFBB9}.Release|Win32.Build.0 = Release|Win32
		{98CA84A8-40B9-464D-83B8-E14A903F6AAB}.Debug|Win32.ActiveCfg = Debug|Win32
		{98CA84A8-40B9-464D-83B8-E14A903F6AAB}.Debug|Win32.Build.0 = Debug|Win32
		{98CA84A8-40B9-464D-83B8-E14A903F6AAB}.Release|Win32.ActiveCfg = Release|Win32
		{98CA84A8-40B9-464D-83B8-E14A903F6AAB}.Release|Win32.Build.0 = Release|Win32
		{710DD135-8D90-4879-A7BC-E20E293A8727}.Debug|Win32.ActiveCfg = Debug|Win32
		{710DD135-8D90-4879-A7BC-E20E293A8727}.Debug|Win32.Build.0 = Debug|Win32
		{710DD135-8D90-4879-A7BC-E20E293A8727}.Release|Win32.ActiveCfg = Release|Win32
		{710DD135-8D90-4879-A7BC-E20E293A8727}.Release|Win32.Build.0 = Release|Win32
		{37D376DD-5286-447F-8858-F94610E65BE1}.Debug|Win32.ActiveCfg = Debug|Win32
		{37D376DD-5286-447F-8858-F94610E65BE1}.Debug|Win32.Build.0 = Debug|Win32
		{37D376DD-5286-447F-8858-F94610E65BE1}.Release|Win32.ActiveCfg = Release|Win32
		{37D376DD-5286-447F-8858-F94610E65BE1}.Release|Win32.Build.0 = Release|Win32
		{C9A85C0C-4433-41AB-8843-BA5300B36D53}.Debug|Win32.ActiveCfg = Debug|Win32
		{C9A85C0C-4433-41AB-8843-BA5300B36D53}.Debug|Win32.Build.0 = Debug|Win32
		{C9A85C0C-4433-41AB-8843-BA5300B36D53}.Release|Win32.ActiveCfg = Release|Win32
		{C9A85C0C-4433-41AB-8843-BA5300B36D53}.Release|Win32.Build.0 = Release|Win32
		{F0B1C1DF-C555-4AD9-A77D-296F2671C98D}.Debug|Win32.ActiveCfg = Debug|Win32
		{F0B1C1DF-C555-4AD9-A77D-296F2671C98D}.Debug|Win32.Build.0 = Debug|Win32
		{F0B1C1DF-C555-4AD9-A77D-296F2671C98D}.Release|Win32.ActiveCfg = Release|Win32
		{F0B1C1DF-C555-4AD9-A77D-296F2671C98D}.Release|Win32.Build.0 = Release|Win32
		{C3AB5BEB-8B26-4CC4-B3E4-7FF138EA1F41}.Debug|Win32.ActiveCfg = Debug|Win32
		{C3AB5BEB-8B26-4CC4-B3E4-7FF138EA1F41}.Debug|Win32.Build.0 = Debug|Win32
		{C3AB5BEB-8B26-4CC4-B3E4-7FF138EA1F41}.Release|Win32.ActiveCfg = Release|Win32
		{C3AB5BEB-8B26-4CC4-B3E4-7FF138EA1F41}.Release|Win32.Build.0 = Release|Win32
		{40FEE4A3-9981-4F41-9603-D97ACD2E117A}.Debug|Win32.ActiveCfg = Debug|Win32
		{40FEE4A3-9981-4F41-9603-D97ACD2E117A}.Debug|Win32.Build.0 = Debug|Win32
		{40FEE4A3-9981-4F41-9603-D97ACD2E117A}.Release|Win32.ActiveCfg = Release|Win32
		{40FEE4A3-9981-4F41-9603-D97ACD2E117A}.Release|Win32.Build.0 = Release|Win32
		{42FF8875-9BA3-49BA-B3D0-569F9CA0F262}.Debug|Win32.ActiveCfg = Debug|Win32
		{42FF8875-9BA3-49BA-B3D0-569F9CA0F262}.Debug|Win32.Build.0 = Debug|Win32
		{42FF8875-9BA3-49BA-B3D0-569F9CA0F262}.Release|Win32.ActiveCfg = Release|Win32
		{42FF8875-9BA3-49BA-B3D0-569F9CA0F262}.Release|Win32.Build.0 = Release|Win32
		{2A99E9A6-F08C-4B60-9908-BD94AC04BE43}.Debug|Win32.ActiveCfg = Debug|Win32
		{2A99E9A6-F08C-4B60-9908-BD94AC04BE43}.Debug|Win32.Build.0 = Debug|Win32
		{2A99E9A6-F08C-4B60-9908-BD94AC04BE43}.Release|Win32.ActiveCfg = Release|Win32
		{2A99E9A6-F08C-4B60-9908-BD94AC04BE43}.Release|Win32.Build.0 = Release|Win32
		{50FCD8EF-4174-4013-BFAC-9224EED7FD19}.Debug|Win32.ActiveCfg = Debug|Win32
		{50FCD8EF-4174-4013-BFAC-9224EED7FD19}.Debug|Win32.Build.0 = Debug|Win32
		{50FCD8EF-4174-4013-BFAC-9224EED7FD19}.Release|Win32.ActiveCfg = Release|Win32
		{50FCD8EF-4174-4013-BFAC-9224EED7FD19}.Release|Win32.Build.0 = Release|Win32
		{229E1CD6-F28F-4BC0-A19B-A3ED4CB689DF}.Debug|Win32.ActiveCfg = Debug|Win32
		{229E1CD6-F28F-4BC0-A19B-A3ED4CB689DF}.Debug|Win32.Build.0 = Debug|Win32
		{229E1CD6-F28F-4BC0-A19B-A3ED4CB689DF}.Release|Win32.ActiveCfg = Release|Win32
		{229E1CD6-F28F-4BC0-A19B-A3ED4CB689DF}.Release|Win32.Build.0 = Release|Win32
		{7FFDF317-5BDB-4E5D-9D8B-2E55987D7412}.Debug|Win32.ActiveCfg = Debug|Win32
		{7FFDF317-5BDB-4E5D-9D8B-2E55987D7412}.Debug|Win32.Build.0 = Debug|Win32
		{7FFDF317-5BDB-4E5D-9D8B-2E55987D7412}.Release|Win32.ActiveCfg = Release|Win32
		{7FFDF317-5BDB-4E5D-9D8B-2E55987D7412}.Release|Win32.Build.0 = Release|Win32
		{4A21A5E4-43AB-4C32-B747-FAF4CD4CB429}.Debug|Win32.ActiveCfg = Debug|Win32
		{4A21A5E4-43AB-4C32-B747-FAF4CD4CB429}.Debug|Win32.Build.0 = Debug|Win32
		{4A21A5E4-43AB-4C32-B747-FAF4CD4CB429}.Release|Win32.ActiveCfg = Release|Win32
		{4A21A5E4-43AB-4C32-B747-FAF4CD4CB429}.Release|Win32.Build.0 = Release|Win32
		{B070945A-D3D2-4C4C-B000-376FB6191644}.Debug|Win32.ActiveCfg = Debug|Win32
		{B070945A-D3D2-4C4C-B000-376FB6191644}.Debug|Win32.Build.0 = Debug|Win32
		{B070945A-D3D2-4C4C-B000-376FB6191644}.Release|Win32.ActiveCfg = Release|Win32
		{B070945A-D3D2-4C4C-B000-376FB6191644}.Release|Win32.Build.0 = Release|Win32
	EndGlobalSection
	GlobalSection(SolutionProperties) = preSolution
		HideSolutionNode = FALSE
	EndGlobalSection
EndGlobal
